// !$*UTF8*$!
{
	archiveVersion = 1;
	classes = {
	};
	objectVersion = 55;
	objects = {

/* Begin PBXBuildFile section */
		487BB82D27B5702E00F54978 /* AppDelegate.swift in Sources */ = {isa = PBXBuildFile; fileRef = 487BB82C27B5702E00F54978 /* AppDelegate.swift */; };
		487BB82F27B5702E00F54978 /* SceneDelegate.swift in Sources */ = {isa = PBXBuildFile; fileRef = 487BB82E27B5702E00F54978 /* SceneDelegate.swift */; };
		487BB83127B5702E00F54978 /* ViewController.swift in Sources */ = {isa = PBXBuildFile; fileRef = 487BB83027B5702E00F54978 /* ViewController.swift */; };
		487BB83427B5702E00F54978 /* Main.storyboard in Resources */ = {isa = PBXBuildFile; fileRef = 487BB83227B5702E00F54978 /* Main.storyboard */; };
		487BB83727B5702E00F54978 /* FindPokemon.xcdatamodeld in Sources */ = {isa = PBXBuildFile; fileRef = 487BB83527B5702E00F54978 /* FindPokemon.xcdatamodeld */; };
		487BB83927B5703100F54978 /* Assets.xcassets in Resources */ = {isa = PBXBuildFile; fileRef = 487BB83827B5703100F54978 /* Assets.xcassets */; };
		487BB83C27B5703100F54978 /* LaunchScreen.storyboard in Resources */ = {isa = PBXBuildFile; fileRef = 487BB83A27B5703100F54978 /* LaunchScreen.storyboard */; };
		487BB84727B5703100F54978 /* FindPokemonTests.swift in Sources */ = {isa = PBXBuildFile; fileRef = 487BB84627B5703100F54978 /* FindPokemonTests.swift */; };
		487BB85127B5703100F54978 /* FindPokemonUITests.swift in Sources */ = {isa = PBXBuildFile; fileRef = 487BB85027B5703100F54978 /* FindPokemonUITests.swift */; };
		487BB85327B5703100F54978 /* FindPokemonUITestsLaunchTests.swift in Sources */ = {isa = PBXBuildFile; fileRef = 487BB85227B5703100F54978 /* FindPokemonUITestsLaunchTests.swift */; };
/* End PBXBuildFile section */

/* Begin PBXContainerItemProxy section */
		487BB84327B5703100F54978 /* PBXContainerItemProxy */ = {
			isa = PBXContainerItemProxy;
			containerPortal = 487BB82127B5702E00F54978 /* Project object */;
			proxyType = 1;
			remoteGlobalIDString = 487BB82827B5702E00F54978;
			remoteInfo = FindPokemon;
		};
		487BB84D27B5703100F54978 /* PBXContainerItemProxy */ = {
			isa = PBXContainerItemProxy;
			containerPortal = 487BB82127B5702E00F54978 /* Project object */;
			proxyType = 1;
			remoteGlobalIDString = 487BB82827B5702E00F54978;
			remoteInfo = FindPokemon;
		};
/* End PBXContainerItemProxy section */

/* Begin PBXFileReference section */
		487BB82927B5702E00F54978 /* FindPokemon.app */ = {isa = PBXFileReference; explicitFileType = wrapper.application; includeInIndex = 0; path = FindPokemon.app; sourceTree = BUILT_PRODUCTS_DIR; };
		487BB82C27B5702E00F54978 /* AppDelegate.swift */ = {isa = PBXFileReference; lastKnownFileType = sourcecode.swift; path = AppDelegate.swift; sourceTree = "<group>"; };
		487BB82E27B5702E00F54978 /* SceneDelegate.swift */ = {isa = PBXFileReference; lastKnownFileType = sourcecode.swift; path = SceneDelegate.swift; sourceTree = "<group>"; };
		487BB83027B5702E00F54978 /* ViewController.swift */ = {isa = PBXFileReference; lastKnownFileType = sourcecode.swift; path = ViewController.swift; sourceTree = "<group>"; };
		487BB83327B5702E00F54978 /* Base */ = {isa = PBXFileReference; lastKnownFileType = file.storyboard; name = Base; path = Base.lproj/Main.storyboard; sourceTree = "<group>"; };
		487BB83627B5702E00F54978 /* FindPokemon.xcdatamodel */ = {isa = PBXFileReference; lastKnownFileType = wrapper.xcdatamodel; path = FindPokemon.xcdatamodel; sourceTree = "<group>"; };
		487BB83827B5703100F54978 /* Assets.xcassets */ = {isa = PBXFileReference; lastKnownFileType = folder.assetcatalog; path = Assets.xcassets; sourceTree = "<group>"; };
		487BB83B27B5703100F54978 /* Base */ = {isa = PBXFileReference; lastKnownFileType = file.storyboard; name = Base; path = Base.lproj/LaunchScreen.storyboard; sourceTree = "<group>"; };
		487BB83D27B5703100F54978 /* Info.plist */ = {isa = PBXFileReference; lastKnownFileType = text.plist.xml; path = Info.plist; sourceTree = "<group>"; };
		487BB84227B5703100F54978 /* FindPokemonTests.xctest */ = {isa = PBXFileReference; explicitFileType = wrapper.cfbundle; includeInIndex = 0; path = FindPokemonTests.xctest; sourceTree = BUILT_PRODUCTS_DIR; };
		487BB84627B5703100F54978 /* FindPokemonTests.swift */ = {isa = PBXFileReference; lastKnownFileType = sourcecode.swift; path = FindPokemonTests.swift; sourceTree = "<group>"; };
		487BB84C27B5703100F54978 /* FindPokemonUITests.xctest */ = {isa = PBXFileReference; explicitFileType = wrapper.cfbundle; includeInIndex = 0; path = FindPokemonUITests.xctest; sourceTree = BUILT_PRODUCTS_DIR; };
		487BB85027B5703100F54978 /* FindPokemonUITests.swift */ = {isa = PBXFileReference; lastKnownFileType = sourcecode.swift; path = FindPokemonUITests.swift; sourceTree = "<group>"; };
		487BB85227B5703100F54978 /* FindPokemonUITestsLaunchTests.swift */ = {isa = PBXFileReference; lastKnownFileType = sourcecode.swift; path = FindPokemonUITestsLaunchTests.swift; sourceTree = "<group>"; };
/* End PBXFileReference section */

/* Begin PBXFrameworksBuildPhase section */
		487BB82627B5702E00F54978 /* Frameworks */ = {
			isa = PBXFrameworksBuildPhase;
			buildActionMask = 2147483647;
			files = (
			);
			runOnlyForDeploymentPostprocessing = 0;
		};
		487BB83F27B5703100F54978 /* Frameworks */ = {
			isa = PBXFrameworksBuildPhase;
			buildActionMask = 2147483647;
			files = (
			);
			runOnlyForDeploymentPostprocessing = 0;
		};
		487BB84927B5703100F54978 /* Frameworks */ = {
			isa = PBXFrameworksBuildPhase;
			buildActionMask = 2147483647;
			files = (
			);
			runOnlyForDeploymentPostprocessing = 0;
		};
/* End PBXFrameworksBuildPhase section */

/* Begin PBXGroup section */
		487BB82027B5702E00F54978 = {
			isa = PBXGroup;
			children = (
				487BB82B27B5702E00F54978 /* FindPokemon */,
				487BB84527B5703100F54978 /* FindPokemonTests */,
				487BB84F27B5703100F54978 /* FindPokemonUITests */,
				487BB82A27B5702E00F54978 /* Products */,
			);
			sourceTree = "<group>";
		};
		487BB82A27B5702E00F54978 /* Products */ = {
			isa = PBXGroup;
			children = (
				487BB82927B5702E00F54978 /* FindPokemon.app */,
				487BB84227B5703100F54978 /* FindPokemonTests.xctest */,
				487BB84C27B5703100F54978 /* FindPokemonUITests.xctest */,
			);
			name = Products;
			sourceTree = "<group>";
		};
		487BB82B27B5702E00F54978 /* FindPokemon */ = {
			isa = PBXGroup;
			children = (
				487BB86227B5707100F54978 /* Controller */,
				487BB86127B5706C00F54978 /* Model */,
				487BB86027B5706600F54978 /* ModelView */,
				487BB85F27B5706000F54978 /* View */,
				487BB83827B5703100F54978 /* Assets.xcassets */,
				487BB83D27B5703100F54978 /* Info.plist */,
				487BB83527B5702E00F54978 /* FindPokemon.xcdatamodeld */,
			);
			path = FindPokemon;
			sourceTree = "<group>";
		};
		487BB84527B5703100F54978 /* FindPokemonTests */ = {
			isa = PBXGroup;
			children = (
				487BB84627B5703100F54978 /* FindPokemonTests.swift */,
			);
			path = FindPokemonTests;
			sourceTree = "<group>";
		};
		487BB84F27B5703100F54978 /* FindPokemonUITests */ = {
			isa = PBXGroup;
			children = (
				487BB85027B5703100F54978 /* FindPokemonUITests.swift */,
				487BB85227B5703100F54978 /* FindPokemonUITestsLaunchTests.swift */,
			);
			path = FindPokemonUITests;
			sourceTree = "<group>";
		};
		487BB85F27B5706000F54978 /* View */ = {
			isa = PBXGroup;
			children = (
				487BB83227B5702E00F54978 /* Main.storyboard */,
				487BB83A27B5703100F54978 /* LaunchScreen.storyboard */,
			);
			path = View;
			sourceTree = "<group>";
		};
		487BB86027B5706600F54978 /* ModelView */ = {
			isa = PBXGroup;
			children = (
				487BB82C27B5702E00F54978 /* AppDelegate.swift */,
				487BB82E27B5702E00F54978 /* SceneDelegate.swift */,
			);
			path = ModelView;
			sourceTree = "<group>";
		};
		487BB86127B5706C00F54978 /* Model */ = {
			isa = PBXGroup;
			children = (
			);
			path = Model;
			sourceTree = "<group>";
		};
		487BB86227B5707100F54978 /* Controller */ = {
			isa = PBXGroup;
			children = (
				487BB83027B5702E00F54978 /* ViewController.swift */,
			);
			path = Controller;
			sourceTree = "<group>";
		};
/* End PBXGroup section */

/* Begin PBXNativeTarget section */
		487BB82827B5702E00F54978 /* FindPokemon */ = {
			isa = PBXNativeTarget;
			buildConfigurationList = 487BB85627B5703100F54978 /* Build configuration list for PBXNativeTarget "FindPokemon" */;
			buildPhases = (
				487BB82527B5702E00F54978 /* Sources */,
				487BB82627B5702E00F54978 /* Frameworks */,
				487BB82727B5702E00F54978 /* Resources */,
			);
			buildRules = (
			);
			dependencies = (
			);
			name = FindPokemon;
			productName = FindPokemon;
			productReference = 487BB82927B5702E00F54978 /* FindPokemon.app */;
			productType = "com.apple.product-type.application";
		};
		487BB84127B5703100F54978 /* FindPokemonTests */ = {
			isa = PBXNativeTarget;
			buildConfigurationList = 487BB85927B5703100F54978 /* Build configuration list for PBXNativeTarget "FindPokemonTests" */;
			buildPhases = (
				487BB83E27B5703100F54978 /* Sources */,
				487BB83F27B5703100F54978 /* Frameworks */,
				487BB84027B5703100F54978 /* Resources */,
			);
			buildRules = (
			);
			dependencies = (
				487BB84427B5703100F54978 /* PBXTargetDependency */,
			);
			name = FindPokemonTests;
			productName = FindPokemonTests;
			productReference = 487BB84227B5703100F54978 /* FindPokemonTests.xctest */;
			productType = "com.apple.product-type.bundle.unit-test";
		};
		487BB84B27B5703100F54978 /* FindPokemonUITests */ = {
			isa = PBXNativeTarget;
			buildConfigurationList = 487BB85C27B5703100F54978 /* Build configuration list for PBXNativeTarget "FindPokemonUITests" */;
			buildPhases = (
				487BB84827B5703100F54978 /* Sources */,
				487BB84927B5703100F54978 /* Frameworks */,
				487BB84A27B5703100F54978 /* Resources */,
			);
			buildRules = (
			);
			dependencies = (
				487BB84E27B5703100F54978 /* PBXTargetDependency */,
			);
			name = FindPokemonUITests;
			productName = FindPokemonUITests;
			productReference = 487BB84C27B5703100F54978 /* FindPokemonUITests.xctest */;
			productType = "com.apple.product-type.bundle.ui-testing";
		};
/* End PBXNativeTarget section */

/* Begin PBXProject section */
		487BB82127B5702E00F54978 /* Project object */ = {
			isa = PBXProject;
			attributes = {
				BuildIndependentTargetsInParallel = 1;
				LastSwiftUpdateCheck = 1320;
				LastUpgradeCheck = 1320;
				TargetAttributes = {
					487BB82827B5702E00F54978 = {
						CreatedOnToolsVersion = 13.2.1;
					};
					487BB84127B5703100F54978 = {
						CreatedOnToolsVersion = 13.2.1;
						TestTargetID = 487BB82827B5702E00F54978;
					};
					487BB84B27B5703100F54978 = {
						CreatedOnToolsVersion = 13.2.1;
						TestTargetID = 487BB82827B5702E00F54978;
					};
				};
			};
			buildConfigurationList = 487BB82427B5702E00F54978 /* Build configuration list for PBXProject "FindPokemon" */;
			compatibilityVersion = "Xcode 13.0";
			developmentRegion = en;
			hasScannedForEncodings = 0;
			knownRegions = (
				en,
				Base,
			);
			mainGroup = 487BB82027B5702E00F54978;
			productRefGroup = 487BB82A27B5702E00F54978 /* Products */;
			projectDirPath = "";
			projectRoot = "";
			targets = (
				487BB82827B5702E00F54978 /* FindPokemon */,
				487BB84127B5703100F54978 /* FindPokemonTests */,
				487BB84B27B5703100F54978 /* FindPokemonUITests */,
			);
		};
/* End PBXProject section */

/* Begin PBXResourcesBuildPhase section */
		487BB82727B5702E00F54978 /* Resources */ = {
			isa = PBXResourcesBuildPhase;
			buildActionMask = 2147483647;
			files = (
				487BB83C27B5703100F54978 /* LaunchScreen.storyboard in Resources */,
				487BB83927B5703100F54978 /* Assets.xcassets in Resources */,
				487BB83427B5702E00F54978 /* Main.storyboard in Resources */,
			);
			runOnlyForDeploymentPostprocessing = 0;
		};
		487BB84027B5703100F54978 /* Resources */ = {
			isa = PBXResourcesBuildPhase;
			buildActionMask = 2147483647;
			files = (
			);
			runOnlyForDeploymentPostprocessing = 0;
		};
		487BB84A27B5703100F54978 /* Resources */ = {
			isa = PBXResourcesBuildPhase;
			buildActionMask = 2147483647;
			files = (
			);
			runOnlyForDeploymentPostprocessing = 0;
		};
/* End PBXResourcesBuildPhase section */

/* Begin PBXSourcesBuildPhase section */
		487BB82527B5702E00F54978 /* Sources */ = {
			isa = PBXSourcesBuildPhase;
			buildActionMask = 2147483647;
			files = (
				487BB83127B5702E00F54978 /* ViewController.swift in Sources */,
				487BB82D27B5702E00F54978 /* AppDelegate.swift in Sources */,
				487BB83727B5702E00F54978 /* FindPokemon.xcdatamodeld in Sources */,
				487BB82F27B5702E00F54978 /* SceneDelegate.swift in Sources */,
			);
			runOnlyForDeploymentPostprocessing = 0;
		};
		487BB83E27B5703100F54978 /* Sources */ = {
			isa = PBXSourcesBuildPhase;
			buildActionMask = 2147483647;
			files = (
				487BB84727B5703100F54978 /* FindPokemonTests.swift in Sources */,
			);
			runOnlyForDeploymentPostprocessing = 0;
		};
		487BB84827B5703100F54978 /* Sources */ = {
			isa = PBXSourcesBuildPhase;
			buildActionMask = 2147483647;
			files = (
				487BB85127B5703100F54978 /* FindPokemonUITests.swift in Sources */,
				487BB85327B5703100F54978 /* FindPokemonUITestsLaunchTests.swift in Sources */,
			);
			runOnlyForDeploymentPostprocessing = 0;
		};
/* End PBXSourcesBuildPhase section */

/* Begin PBXTargetDependency section */
		487BB84427B5703100F54978 /* PBXTargetDependency */ = {
			isa = PBXTargetDependency;
			target = 487BB82827B5702E00F54978 /* FindPokemon */;
			targetProxy = 487BB84327B5703100F54978 /* PBXContainerItemProxy */;
		};
		487BB84E27B5703100F54978 /* PBXTargetDependency */ = {
			isa = PBXTargetDependency;
			target = 487BB82827B5702E00F54978 /* FindPokemon */;
			targetProxy = 487BB84D27B5703100F54978 /* PBXContainerItemProxy */;
		};
/* End PBXTargetDependency section */

/* Begin PBXVariantGroup section */
		487BB83227B5702E00F54978 /* Main.storyboard */ = {
			isa = PBXVariantGroup;
			children = (
				487BB83327B5702E00F54978 /* Base */,
			);
			name = Main.storyboard;
			sourceTree = "<group>";
		};
		487BB83A27B5703100F54978 /* LaunchScreen.storyboard */ = {
			isa = PBXVariantGroup;
			children = (
				487BB83B27B5703100F54978 /* Base */,
			);
			name = LaunchScreen.storyboard;
			sourceTree = "<group>";
		};
/* End PBXVariantGroup section */

/* Begin XCBuildConfiguration section */
		487BB85427B5703100F54978 /* Debug */ = {
			isa = XCBuildConfiguration;
			buildSettings = {
				ALWAYS_SEARCH_USER_PATHS = NO;
				CLANG_ANALYZER_NONNULL = YES;
				CLANG_ANALYZER_NUMBER_OBJECT_CONVERSION = YES_AGGRESSIVE;
				CLANG_CXX_LANGUAGE_STANDARD = "gnu++17";
				CLANG_CXX_LIBRARY = "libc++";
				CLANG_ENABLE_MODULES = YES;
				CLANG_ENABLE_OBJC_ARC = YES;
				CLANG_ENABLE_OBJC_WEAK = YES;
				CLANG_WARN_BLOCK_CAPTURE_AUTORELEASING = YES;
				CLANG_WARN_BOOL_CONVERSION = YES;
				CLANG_WARN_COMMA = YES;
				CLANG_WARN_CONSTANT_CONVERSION = YES;
				CLANG_WARN_DEPRECATED_OBJC_IMPLEMENTATIONS = YES;
				CLANG_WARN_DIRECT_OBJC_ISA_USAGE = YES_ERROR;
				CLANG_WARN_DOCUMENTATION_COMMENTS = YES;
				CLANG_WARN_EMPTY_BODY = YES;
				CLANG_WARN_ENUM_CONVERSION = YES;
				CLANG_WARN_INFINITE_RECURSION = YES;
				CLANG_WARN_INT_CONVERSION = YES;
				CLANG_WARN_NON_LITERAL_NULL_CONVERSION = YES;
				CLANG_WARN_OBJC_IMPLICIT_RETAIN_SELF = YES;
				CLANG_WARN_OBJC_LITERAL_CONVERSION = YES;
				CLANG_WARN_OBJC_ROOT_CLASS = YES_ERROR;
				CLANG_WARN_QUOTED_INCLUDE_IN_FRAMEWORK_HEADER = YES;
				CLANG_WARN_RANGE_LOOP_ANALYSIS = YES;
				CLANG_WARN_STRICT_PROTOTYPES = YES;
				CLANG_WARN_SUSPICIOUS_MOVE = YES;
				CLANG_WARN_UNGUARDED_AVAILABILITY = YES_AGGRESSIVE;
				CLANG_WARN_UNREACHABLE_CODE = YES;
				CLANG_WARN__DUPLICATE_METHOD_MATCH = YES;
				COPY_PHASE_STRIP = NO;
				DEBUG_INFORMATION_FORMAT = dwarf;
				ENABLE_STRICT_OBJC_MSGSEND = YES;
				ENABLE_TESTABILITY = YES;
				GCC_C_LANGUAGE_STANDARD = gnu11;
				GCC_DYNAMIC_NO_PIC = NO;
				GCC_NO_COMMON_BLOCKS = YES;
				GCC_OPTIMIZATION_LEVEL = 0;
				GCC_PREPROCESSOR_DEFINITIONS = (
					"DEBUG=1",
					"$(inherited)",
				);
				GCC_WARN_64_TO_32_BIT_CONVERSION = YES;
				GCC_WARN_ABOUT_RETURN_TYPE = YES_ERROR;
				GCC_WARN_UNDECLARED_SELECTOR = YES;
				GCC_WARN_UNINITIALIZED_AUTOS = YES_AGGRESSIVE;
				GCC_WARN_UNUSED_FUNCTION = YES;
				GCC_WARN_UNUSED_VARIABLE = YES;
				IPHONEOS_DEPLOYMENT_TARGET = 15.2;
				MTL_ENABLE_DEBUG_INFO = INCLUDE_SOURCE;
				MTL_FAST_MATH = YES;
				ONLY_ACTIVE_ARCH = YES;
				SDKROOT = iphoneos;
				SWIFT_ACTIVE_COMPILATION_CONDITIONS = DEBUG;
				SWIFT_OPTIMIZATION_LEVEL = "-Onone";
			};
			name = Debug;
		};
		487BB85527B5703100F54978 /* Release */ = {
			isa = XCBuildConfiguration;
			buildSettings = {
				ALWAYS_SEARCH_USER_PATHS = NO;
				CLANG_ANALYZER_NONNULL = YES;
				CLANG_ANALYZER_NUMBER_OBJECT_CONVERSION = YES_AGGRESSIVE;
				CLANG_CXX_LANGUAGE_STANDARD = "gnu++17";
				CLANG_CXX_LIBRARY = "libc++";
				CLANG_ENABLE_MODULES = YES;
				CLANG_ENABLE_OBJC_ARC = YES;
				CLANG_ENABLE_OBJC_WEAK = YES;
				CLANG_WARN_BLOCK_CAPTURE_AUTORELEASING = YES;
				CLANG_WARN_BOOL_CONVERSION = YES;
				CLANG_WARN_COMMA = YES;
				CLANG_WARN_CONSTANT_CONVERSION = YES;
				CLANG_WARN_DEPRECATED_OBJC_IMPLEMENTATIONS = YES;
				CLANG_WARN_DIRECT_OBJC_ISA_USAGE = YES_ERROR;
				CLANG_WARN_DOCUMENTATION_COMMENTS = YES;
				CLANG_WARN_EMPTY_BODY = YES;
				CLANG_WARN_ENUM_CONVERSION = YES;
				CLANG_WARN_INFINITE_RECURSION = YES;
				CLANG_WARN_INT_CONVERSION = YES;
				CLANG_WARN_NON_LITERAL_NULL_CONVERSION = YES;
				CLANG_WARN_OBJC_IMPLICIT_RETAIN_SELF = YES;
				CLANG_WARN_OBJC_LITERAL_CONVERSION = YES;
				CLANG_WARN_OBJC_ROOT_CLASS = YES_ERROR;
				CLANG_WARN_QUOTED_INCLUDE_IN_FRAMEWORK_HEADER = YES;
				CLANG_WARN_RANGE_LOOP_ANALYSIS = YES;
				CLANG_WARN_STRICT_PROTOTYPES = YES;
				CLANG_WARN_SUSPICIOUS_MOVE = YES;
				CLANG_WARN_UNGUARDED_AVAILABILITY = YES_AGGRESSIVE;
				CLANG_WARN_UNREACHABLE_CODE = YES;
				CLANG_WARN__DUPLICATE_METHOD_MATCH = YES;
				COPY_PHASE_STRIP = NO;
				DEBUG_INFORMATION_FORMAT = "dwarf-with-dsym";
				ENABLE_NS_ASSERTIONS = NO;
				ENABLE_STRICT_OBJC_MSGSEND = YES;
				GCC_C_LANGUAGE_STANDARD = gnu11;
				GCC_NO_COMMON_BLOCKS = YES;
				GCC_WARN_64_TO_32_BIT_CONVERSION = YES;
				GCC_WARN_ABOUT_RETURN_TYPE = YES_ERROR;
				GCC_WARN_UNDECLARED_SELECTOR = YES;
				GCC_WARN_UNINITIALIZED_AUTOS = YES_AGGRESSIVE;
				GCC_WARN_UNUSED_FUNCTION = YES;
				GCC_WARN_UNUSED_VARIABLE = YES;
				IPHONEOS_DEPLOYMENT_TARGET = 15.2;
				MTL_ENABLE_DEBUG_INFO = NO;
				MTL_FAST_MATH = YES;
				SDKROOT = iphoneos;
				SWIFT_COMPILATION_MODE = wholemodule;
				SWIFT_OPTIMIZATION_LEVEL = "-O";
				VALIDATE_PRODUCT = YES;
			};
			name = Release;
		};
		487BB85727B5703100F54978 /* Debug */ = {
			isa = XCBuildConfiguration;
			buildSettings = {
				ASSETCATALOG_COMPILER_APPICON_NAME = AppIcon;
				ASSETCATALOG_COMPILER_GLOBAL_ACCENT_COLOR_NAME = AccentColor;
				CODE_SIGN_STYLE = Automatic;
				CURRENT_PROJECT_VERSION = 1;
				GENERATE_INFOPLIST_FILE = YES;
				INFOPLIST_FILE = FindPokemon/Info.plist;
				INFOPLIST_KEY_UIApplicationSupportsIndirectInputEvents = YES;
				INFOPLIST_KEY_UILaunchStoryboardName = LaunchScreen;
				INFOPLIST_KEY_UIMainStoryboardFile = Main;
				INFOPLIST_KEY_UISupportedInterfaceOrientations_iPad = "UIInterfaceOrientationPortrait UIInterfaceOrientationPortraitUpsideDown UIInterfaceOrientationLandscapeLeft UIInterfaceOrientationLandscapeRight";
				INFOPLIST_KEY_UISupportedInterfaceOrientations_iPhone = "UIInterfaceOrientationPortrait UIInterfaceOrientationLandscapeLeft UIInterfaceOrientationLandscapeRight";
				LD_RUNPATH_SEARCH_PATHS = (
					"$(inherited)",
					"@executable_path/Frameworks",
				);
				MARKETING_VERSION = 1.0;
				PRODUCT_BUNDLE_IDENTIFIER = MyProject.FindPokemon;
				PRODUCT_NAME = "$(TARGET_NAME)";
				SWIFT_EMIT_LOC_STRINGS = YES;
				SWIFT_VERSION = 5.0;
				TARGETED_DEVICE_FAMILY = "1,2";
			};
			name = Debug;
		};
		487BB85827B5703100F54978 /* Release */ = {
			isa = XCBuildConfiguration;
			buildSettings = {
				ASSETCATALOG_COMPILER_APPICON_NAME = AppIcon;
				ASSETCATALOG_COMPILER_GLOBAL_ACCENT_COLOR_NAME = AccentColor;
				CODE_SIGN_STYLE = Automatic;
				CURRENT_PROJECT_VERSION = 1;
				GENERATE_INFOPLIST_FILE = YES;
				INFOPLIST_FILE = FindPokemon/Info.plist;
				INFOPLIST_KEY_UIApplicationSupportsIndirectInputEvents = YES;
				INFOPLIST_KEY_UILaunchStoryboardName = LaunchScreen;
				INFOPLIST_KEY_UIMainStoryboardFile = Main;
				INFOPLIST_KEY_UISupportedInterfaceOrientations_iPad = "UIInterfaceOrientationPortrait UIInterfaceOrientationPortraitUpsideDown UIInterfaceOrientationLandscapeLeft UIInterfaceOrientationLandscapeRight";
				INFOPLIST_KEY_UISupportedInterfaceOrientations_iPhone = "UIInterfaceOrientationPortrait UIInterfaceOrientationLandscapeLeft UIInterfaceOrientationLandscapeRight";
				LD_RUNPATH_SEARCH_PATHS = (
					"$(inherited)",
					"@executable_path/Frameworks",
				);
				MARKETING_VERSION = 1.0;
				PRODUCT_BUNDLE_IDENTIFIER = MyProject.FindPokemon;
				PRODUCT_NAME = "$(TARGET_NAME)";
				SWIFT_EMIT_LOC_STRINGS = YES;
				SWIFT_VERSION = 5.0;
				TARGETED_DEVICE_FAMILY = "1,2";
			};
			name = Release;
		};
		487BB85A27B5703100F54978 /* Debug */ = {
			isa = XCBuildConfiguration;
			buildSettings = {
				ALWAYS_EMBED_SWIFT_STANDARD_LIBRARIES = YES;
				BUNDLE_LOADER = "$(TEST_HOST)";
				CODE_SIGN_STYLE = Automatic;
				CURRENT_PROJECT_VERSION = 1;
				GENERATE_INFOPLIST_FILE = YES;
				IPHONEOS_DEPLOYMENT_TARGET = 15.2;
				MARKETING_VERSION = 1.0;
				PRODUCT_BUNDLE_IDENTIFIER = MyProject.FindPokemonTests;
				PRODUCT_NAME = "$(TARGET_NAME)";
				SWIFT_EMIT_LOC_STRINGS = NO;
				SWIFT_VERSION = 5.0;
				TARGETED_DEVICE_FAMILY = "1,2";
				TEST_HOST = "$(BUILT_PRODUCTS_DIR)/FindPokemon.app/FindPokemon";
			};
			name = Debug;
		};
		487BB85B27B5703100F54978 /* Release */ = {
			isa = XCBuildConfiguration;
			buildSettings = {
				ALWAYS_EMBED_SWIFT_STANDARD_LIBRARIES = YES;
				BUNDLE_LOADER = "$(TEST_HOST)";
				CODE_SIGN_STYLE = Automatic;
				CURRENT_PROJECT_VERSION = 1;
				GENERATE_INFOPLIST_FILE = YES;
				IPHONEOS_DEPLOYMENT_TARGET = 15.2;
				MARKETING_VERSION = 1.0;
				PRODUCT_BUNDLE_IDENTIFIER = MyProject.FindPokemonTests;
				PRODUCT_NAME = "$(TARGET_NAME)";
				SWIFT_EMIT_LOC_STRINGS = NO;
				SWIFT_VERSION = 5.0;
				TARGETED_DEVICE_FAMILY = "1,2";
				TEST_HOST = "$(BUILT_PRODUCTS_DIR)/FindPokemon.app/FindPokemon";
			};
			name = Release;
		};
		487BB85D27B5703100F54978 /* Debug */ = {
			isa = XCBuildConfiguration;
			buildSettings = {
				ALWAYS_EMBED_SWIFT_STANDARD_LIBRARIES = YES;
				CODE_SIGN_STYLE = Automatic;
				CURRENT_PROJECT_VERSION = 1;
				GENERATE_INFOPLIST_FILE = YES;
				MARKETING_VERSION = 1.0;
				PRODUCT_BUNDLE_IDENTIFIER = MyProject.FindPokemonUITests;
				PRODUCT_NAME = "$(TARGET_NAME)";
				SWIFT_EMIT_LOC_STRINGS = NO;
				SWIFT_VERSION = 5.0;
				TARGETED_DEVICE_FAMILY = "1,2";
				TEST_TARGET_NAME = FindPokemon;
			};
			name = Debug;
		};
		487BB85E27B5703100F54978 /* Release */ = {
			isa = XCBuildConfiguration;
			buildSettings = {
				ALWAYS_EMBED_SWIFT_STANDARD_LIBRARIES = YES;
				CODE_SIGN_STYLE = Automatic;
				CURRENT_PROJECT_VERSION = 1;
				GENERATE_INFOPLIST_FILE = YES;
				MARKETING_VERSION = 1.0;
				PRODUCT_BUNDLE_IDENTIFIER = MyProject.FindPokemonUITests;
				PRODUCT_NAME = "$(TARGET_NAME)";
				SWIFT_EMIT_LOC_STRINGS = NO;
				SWIFT_VERSION = 5.0;
				TARGETED_DEVICE_FAMILY = "1,2";
				TEST_TARGET_NAME = FindPokemon;
			};
			name = Release;
		};
/* End XCBuildConfiguration section */

/* Begin XCConfigurationList section */
		487BB82427B5702E00F54978 /* Build configuration list for PBXProject "FindPokemon" */ = {
			isa = XCConfigurationList;
			buildConfigurations = (
				487BB85427B5703100F54978 /* Debug */,
				487BB85527B5703100F54978 /* Release */,
			);
			defaultConfigurationIsVisible = 0;
			defaultConfigurationName = Release;
		};
		487BB85627B5703100F54978 /* Build configuration list for PBXNativeTarget "FindPokemon" */ = {
			isa = XCConfigurationList;
			buildConfigurations = (
				487BB85727B5703100F54978 /* Debug */,
				487BB85827B5703100F54978 /* Release */,
			);
			defaultConfigurationIsVisible = 0;
			defaultConfigurationName = Release;
		};
		487BB85927B5703100F54978 /* Build configuration list for PBXNativeTarget "FindPokemonTests" */ = {
			isa = XCConfigurationList;
			buildConfigurations = (
				487BB85A27B5703100F54978 /* Debug */,
				487BB85B27B5703100F54978 /* Release */,
			);
			defaultConfigurationIsVisible = 0;
			defaultConfigurationName = Release;
		};
		487BB85C27B5703100F54978 /* Build configuration list for PBXNativeTarget "FindPokemonUITests" */ = {
			isa = XCConfigurationList;
			buildConfigurations = (
				487BB85D27B5703100F54978 /* Debug */,
				487BB85E27B5703100F54978 /* Release */,
			);
			defaultConfigurationIsVisible = 0;
			defaultConfigurationName = Release;
		};
/* End XCConfigurationList section */

/* Begin XCVersionGroup section */
		487BB83527B5702E00F54978 /* FindPokemon.xcdatamodeld */ = {
			isa = XCVersionGroup;
			children = (
				487BB83627B5702E00F54978 /* FindPokemon.xcdatamodel */,
			);
			currentVersion = 487BB83627B5702E00F54978 /* FindPokemon.xcdatamodel */;
			path = FindPokemon.xcdatamodeld;
			sourceTree = "<group>";
			versionGroupType = wrapper.xcdatamodel;
		};
/* End XCVersionGroup section */
	};
	rootObject = 487BB82127B5702E00F54978 /* Project object */;
}
